
Microsoft Visual Studio Solution File, Format Version 12.00
# Visual Studio Version 17
VisualStudioVersion = 17.0.31912.275
MinimumVisualStudioVersion = 10.0.40219.1
Project("{9A19103F-16F7-4668-BE54-9A1E7A4F7556}") = "CsAvroGen", "CsAvroGen\CsAvroGen.csproj", "{05F7500E-9F44-41E1-A8FF-0E06558D4814}"
	ProjectSection(ProjectDependencies) = postProject
		{3A7DE44B-9B87-4599-B124-F67738D7D68D} = {3A7DE44B-9B87-4599-B124-F67738D7D68D}
		{39AEA885-C78A-4858-9372-AC73BB2621D6} = {39AEA885-C78A-4858-9372-AC73BB2621D6}
	EndProjectSection
EndProject
Project("{9A19103F-16F7-4668-BE54-9A1E7A4F7556}") = "CsAvroGen.Abstractions", "CsAvroGen.Abstractions\CsAvroGen.Abstractions.csproj", "{3A7DE44B-9B87-4599-B124-F67738D7D68D}"
EndProject
Project("{9A19103F-16F7-4668-BE54-9A1E7A4F7556}") = "CsAvroGen.SelftestData", "CsAvroGen.SelftestData\CsAvroGen.SelftestData.csproj", "{39AEA885-C78A-4858-9372-AC73BB2621D6}"
EndProject
Project("{9A19103F-16F7-4668-BE54-9A1E7A4F7556}") = "CsAvroGen.I18N.enUS", "CsAvroGen.I18N.enUS\CsAvroGen.I18N.enUS.csproj", "{1D521720-FE32-41EB-967F-BC8E530A102B}"
EndProject
Global
	GlobalSection(SolutionConfigurationPlatforms) = preSolution
		Debug|Any CPU = Debug|Any CPU
		Release|Any CPU = Release|Any CPU
	EndGlobalSection
	GlobalSection(ProjectConfigurationPlatforms) = postSolution
		{05F7500E-9F44-41E1-A8FF-0E06558D4814}.Debug|Any CPU.ActiveCfg = Debug|Any CPU
		{05F7500E-9F44-41E1-A8FF-0E06558D4814}.Debug|Any CPU.Build.0 = Debug|Any CPU
		{05F7500E-9F44-41E1-A8FF-0E06558D4814}.Release|Any CPU.ActiveCfg = Release|Any CPU
		{05F7500E-9F44-41E1-A8FF-0E06558D4814}.Release|Any CPU.Build.0 = Release|Any CPU
		{3A7DE44B-9B87-4599-B124-F67738D7D68D}.Debug|Any CPU.ActiveCfg = Debug|Any CPU
		{3A7DE44B-9B87-4599-B124-F67738D7D68D}.Debug|Any CPU.Build.0 = Debug|Any CPU
		{3A7DE44B-9B87-4599-B124-F67738D7D68D}.Release|Any CPU.ActiveCfg = Release|Any CPU
		{3A7DE44B-9B87-4599-B124-F67738D7D68D}.Release|Any CPU.Build.0 = Release|Any CPU
		{39AEA885-C78A-4858-9372-AC73BB2621D6}.Debug|Any CPU.ActiveCfg = Debug|Any CPU
		{39AEA885-C78A-4858-9372-AC73BB2621D6}.Debug|Any CPU.Build.0 = Debug|Any CPU
		{39AEA885-C78A-4858-9372-AC73BB2621D6}.Release|Any CPU.ActiveCfg = Release|Any CPU
		{39AEA885-C78A-4858-9372-AC73BB2621D6}.Release|Any CPU.Build.0 = Release|Any CPU
		{1D521720-FE32-41EB-967F-BC8E530A102B}.Debug|Any CPU.ActiveCfg = Debug|Any CPU
		{1D521720-FE32-41EB-967F-BC8E530A102B}.Debug|Any CPU.Build.0 = Debug|Any CPU
		{1D521720-FE32-41EB-967F-BC8E530A102B}.Release|Any CPU.ActiveCfg = Release|Any CPU
		{1D521720-FE32-41EB-967F-BC8E530A102B}.Release|Any CPU.Build.0 = Release|Any CPU
	EndGlobalSection
	GlobalSection(SolutionProperties) = preSolution
		HideSolutionNode = FALSE
	EndGlobalSection
	GlobalSection(ExtensibilityGlobals) = postSolution
		SolutionGuid = {528D68BA-7DEE-45BD-9040-CA0E609E8EC1}
	EndGlobalSection
EndGlobal
